// !$*UTF8*$!
{
	archiveVersion = 1;
	classes = {
	};
	objectVersion = 50;
	objects = {

/* Begin PBXBuildFile section */
		54BCD8D525F0FF4100083A09 /* AppDelegate.swift in Sources */ = {isa = PBXBuildFile; fileRef = 54BCD8D425F0FF4100083A09 /* AppDelegate.swift */; };
		54BCD8D725F0FF4100083A09 /* SceneDelegate.swift in Sources */ = {isa = PBXBuildFile; fileRef = 54BCD8D625F0FF4100083A09 /* SceneDelegate.swift */; };
		54BCD8D925F0FF4100083A09 /* ViewController.swift in Sources */ = {isa = PBXBuildFile; fileRef = 54BCD8D825F0FF4100083A09 /* ViewController.swift */; };
		54BCD8DC25F0FF4100083A09 /* Main.storyboard in Resources */ = {isa = PBXBuildFile; fileRef = 54BCD8DA25F0FF4100083A09 /* Main.storyboard */; };
		54BCD8DE25F0FF4200083A09 /* Assets.xcassets in Resources */ = {isa = PBXBuildFile; fileRef = 54BCD8DD25F0FF4200083A09 /* Assets.xcassets */; };
		54BCD8E125F0FF4200083A09 /* LaunchScreen.storyboard in Resources */ = {isa = PBXBuildFile; fileRef = 54BCD8DF25F0FF4200083A09 /* LaunchScreen.storyboard */; };
		54BCD8EC25F0FF4200083A09 /* I_am_PoorTests.swift in Sources */ = {isa = PBXBuildFile; fileRef = 54BCD8EB25F0FF4200083A09 /* I_am_PoorTests.swift */; };
		54BCD8F725F0FF4200083A09 /* I_am_PoorUITests.swift in Sources */ = {isa = PBXBuildFile; fileRef = 54BCD8F625F0FF4200083A09 /* I_am_PoorUITests.swift */; };
/* End PBXBuildFile section */

/* Begin PBXContainerItemProxy section */
		54BCD8E825F0FF4200083A09 /* PBXContainerItemProxy */ = {
			isa = PBXContainerItemProxy;
			containerPortal = 54BCD8C925F0FF4100083A09 /* Project object */;
			proxyType = 1;
			remoteGlobalIDString = 54BCD8D025F0FF4100083A09;
			remoteInfo = "I am Poor";
		};
		54BCD8F325F0FF4200083A09 /* PBXContainerItemProxy */ = {
			isa = PBXContainerItemProxy;
			containerPortal = 54BCD8C925F0FF4100083A09 /* Project object */;
			proxyType = 1;
			remoteGlobalIDString = 54BCD8D025F0FF4100083A09;
			remoteInfo = "I am Poor";
		};
/* End PBXContainerItemProxy section */

/* Begin PBXFileReference section */
		54BCD8D125F0FF4100083A09 /* I am Poor.app */ = {isa = PBXFileReference; explicitFileType = wrapper.application; includeInIndex = 0; path = "I am Poor.app"; sourceTree = BUILT_PRODUCTS_DIR; };
		54BCD8D425F0FF4100083A09 /* AppDelegate.swift */ = {isa = PBXFileReference; lastKnownFileType = sourcecode.swift; path = AppDelegate.swift; sourceTree = "<group>"; };
		54BCD8D625F0FF4100083A09 /* SceneDelegate.swift */ = {isa = PBXFileReference; lastKnownFileType = sourcecode.swift; path = SceneDelegate.swift; sourceTree = "<group>"; };
		54BCD8D825F0FF4100083A09 /* ViewController.swift */ = {isa = PBXFileReference; lastKnownFileType = sourcecode.swift; path = ViewController.swift; sourceTree = "<group>"; };
		54BCD8DB25F0FF4100083A09 /* Base */ = {isa = PBXFileReference; lastKnownFileType = file.storyboard; name = Base; path = Base.lproj/Main.storyboard; sourceTree = "<group>"; };
		54BCD8DD25F0FF4200083A09 /* Assets.xcassets */ = {isa = PBXFileReference; lastKnownFileType = folder.assetcatalog; path = Assets.xcassets; sourceTree = "<group>"; };
		54BCD8E025F0FF4200083A09 /* Base */ = {isa = PBXFileReference; lastKnownFileType = file.storyboard; name = Base; path = Base.lproj/LaunchScreen.storyboard; sourceTree = "<group>"; };
		54BCD8E225F0FF4200083A09 /* Info.plist */ = {isa = PBXFileReference; lastKnownFileType = text.plist.xml; path = Info.plist; sourceTree = "<group>"; };
		54BCD8E725F0FF4200083A09 /* I am PoorTests.xctest */ = {isa = PBXFileReference; explicitFileType = wrapper.cfbundle; includeInIndex = 0; path = "I am PoorTests.xctest"; sourceTree = BUILT_PRODUCTS_DIR; };
		54BCD8EB25F0FF4200083A09 /* I_am_PoorTests.swift */ = {isa = PBXFileReference; lastKnownFileType = sourcecode.swift; path = I_am_PoorTests.swift; sourceTree = "<group>"; };
		54BCD8ED25F0FF4200083A09 /* Info.plist */ = {isa = PBXFileReference; lastKnownFileType = text.plist.xml; path = Info.plist; sourceTree = "<group>"; };
		54BCD8F225F0FF4200083A09 /* I am PoorUITests.xctest */ = {isa = PBXFileReference; explicitFileType = wrapper.cfbundle; includeInIndex = 0; path = "I am PoorUITests.xctest"; sourceTree = BUILT_PRODUCTS_DIR; };
		54BCD8F625F0FF4200083A09 /* I_am_PoorUITests.swift */ = {isa = PBXFileReference; lastKnownFileType = sourcecode.swift; path = I_am_PoorUITests.swift; sourceTree = "<group>"; };
		54BCD8F825F0FF4200083A09 /* Info.plist */ = {isa = PBXFileReference; lastKnownFileType = text.plist.xml; path = Info.plist; sourceTree = "<group>"; };
/* End PBXFileReference section */

/* Begin PBXFrameworksBuildPhase section */
		54BCD8CE25F0FF4100083A09 /* Frameworks */ = {
			isa = PBXFrameworksBuildPhase;
			buildActionMask = 2147483647;
			files = (
			);
			runOnlyForDeploymentPostprocessing = 0;
		};
		54BCD8E425F0FF4200083A09 /* Frameworks */ = {
			isa = PBXFrameworksBuildPhase;
			buildActionMask = 2147483647;
			files = (
			);
			runOnlyForDeploymentPostprocessing = 0;
		};
		54BCD8EF25F0FF4200083A09 /* Frameworks */ = {
			isa = PBXFrameworksBuildPhase;
			buildActionMask = 2147483647;
			files = (
			);
			runOnlyForDeploymentPostprocessing = 0;
		};
/* End PBXFrameworksBuildPhase section */

/* Begin PBXGroup section */
		54BCD8C825F0FF4100083A09 = {
			isa = PBXGroup;
			children = (
				54BCD8D325F0FF4100083A09 /* I am Poor */,
				54BCD8EA25F0FF4200083A09 /* I am PoorTests */,
				54BCD8F525F0FF4200083A09 /* I am PoorUITests */,
				54BCD8D225F0FF4100083A09 /* Products */,
			);
			sourceTree = "<group>";
		};
		54BCD8D225F0FF4100083A09 /* Products */ = {
			isa = PBXGroup;
			children = (
				54BCD8D125F0FF4100083A09 /* I am Poor.app */,
				54BCD8E725F0FF4200083A09 /* I am PoorTests.xctest */,
				54BCD8F225F0FF4200083A09 /* I am PoorUITests.xctest */,
			);
			name = Products;
			sourceTree = "<group>";
		};
		54BCD8D325F0FF4100083A09 /* I am Poor */ = {
			isa = PBXGroup;
			children = (
				54BCD8D425F0FF4100083A09 /* AppDelegate.swift */,
				54BCD8D625F0FF4100083A09 /* SceneDelegate.swift */,
				54BCD8D825F0FF4100083A09 /* ViewController.swift */,
				54BCD8DA25F0FF4100083A09 /* Main.storyboard */,
				54BCD8DD25F0FF4200083A09 /* Assets.xcassets */,
				54BCD8DF25F0FF4200083A09 /* LaunchScreen.storyboard */,
				54BCD8E225F0FF4200083A09 /* Info.plist */,
			);
			path = "I am Poor";
			sourceTree = "<group>";
		};
		54BCD8EA25F0FF4200083A09 /* I am PoorTests */ = {
			isa = PBXGroup;
			children = (
				54BCD8EB25F0FF4200083A09 /* I_am_PoorTests.swift */,
				54BCD8ED25F0FF4200083A09 /* Info.plist */,
			);
			path = "I am PoorTests";
			sourceTree = "<group>";
		};
		54BCD8F525F0FF4200083A09 /* I am PoorUITests */ = {
			isa = PBXGroup;
			children = (
				54BCD8F625F0FF4200083A09 /* I_am_PoorUITests.swift */,
				54BCD8F825F0FF4200083A09 /* Info.plist */,
			);
			path = "I am PoorUITests";
			sourceTree = "<group>";
		};
/* End PBXGroup section */

/* Begin PBXNativeTarget section */
		54BCD8D025F0FF4100083A09 /* I am Poor */ = {
			isa = PBXNativeTarget;
			buildConfigurationList = 54BCD8FB25F0FF4200083A09 /* Build configuration list for PBXNativeTarget "I am Poor" */;
			buildPhases = (
				54BCD8CD25F0FF4100083A09 /* Sources */,
				54BCD8CE25F0FF4100083A09 /* Frameworks */,
				54BCD8CF25F0FF4100083A09 /* Resources */,
			);
			buildRules = (
			);
			dependencies = (
			);
			name = "I am Poor";
			productName = "I am Poor";
			productReference = 54BCD8D125F0FF4100083A09 /* I am Poor.app */;
			productType = "com.apple.product-type.application";
		};
		54BCD8E625F0FF4200083A09 /* I am PoorTests */ = {
			isa = PBXNativeTarget;
			buildConfigurationList = 54BCD8FE25F0FF4200083A09 /* Build configuration list for PBXNativeTarget "I am PoorTests" */;
			buildPhases = (
				54BCD8E325F0FF4200083A09 /* Sources */,
				54BCD8E425F0FF4200083A09 /* Frameworks */,
				54BCD8E525F0FF4200083A09 /* Resources */,
			);
			buildRules = (
			);
			dependencies = (
				54BCD8E925F0FF4200083A09 /* PBXTargetDependency */,
			);
			name = "I am PoorTests";
			productName = "I am PoorTests";
			productReference = 54BCD8E725F0FF4200083A09 /* I am PoorTests.xctest */;
			productType = "com.apple.product-type.bundle.unit-test";
		};
		54BCD8F125F0FF4200083A09 /* I am PoorUITests */ = {
			isa = PBXNativeTarget;
			buildConfigurationList = 54BCD90125F0FF4200083A09 /* Build configuration list for PBXNativeTarget "I am PoorUITests" */;
			buildPhases = (
				54BCD8EE25F0FF4200083A09 /* Sources */,
				54BCD8EF25F0FF4200083A09 /* Frameworks */,
				54BCD8F025F0FF4200083A09 /* Resources */,
			);
			buildRules = (
			);
			dependencies = (
				54BCD8F425F0FF4200083A09 /* PBXTargetDependency */,
			);
			name = "I am PoorUITests";
			productName = "I am PoorUITests";
			productReference = 54BCD8F225F0FF4200083A09 /* I am PoorUITests.xctest */;
			productType = "com.apple.product-type.bundle.ui-testing";
		};
/* End PBXNativeTarget section */

/* Begin PBXProject section */
		54BCD8C925F0FF4100083A09 /* Project object */ = {
			isa = PBXProject;
			attributes = {
				LastSwiftUpdateCheck = 1170;
				LastUpgradeCheck = 1170;
				ORGANIZATIONNAME = "Shin Spiegel";
				TargetAttributes = {
					54BCD8D025F0FF4100083A09 = {
						CreatedOnToolsVersion = 11.7;
					};
					54BCD8E625F0FF4200083A09 = {
						CreatedOnToolsVersion = 11.7;
						TestTargetID = 54BCD8D025F0FF4100083A09;
					};
					54BCD8F125F0FF4200083A09 = {
						CreatedOnToolsVersion = 11.7;
						TestTargetID = 54BCD8D025F0FF4100083A09;
					};
				};
			};
			buildConfigurationList = 54BCD8CC25F0FF4100083A09 /* Build configuration list for PBXProject "I am Poor" */;
			compatibilityVersion = "Xcode 9.3";
			developmentRegion = en;
			hasScannedForEncodings = 0;
			knownRegions = (
				en,
				Base,
			);
			mainGroup = 54BCD8C825F0FF4100083A09;
			productRefGroup = 54BCD8D225F0FF4100083A09 /* Products */;
			projectDirPath = "";
			projectRoot = "";
			targets = (
				54BCD8D025F0FF4100083A09 /* I am Poor */,
				54BCD8E625F0FF4200083A09 /* I am PoorTests */,
				54BCD8F125F0FF4200083A09 /* I am PoorUITests */,
			);
		};
/* End PBXProject section */

/* Begin PBXResourcesBuildPhase section */
		54BCD8CF25F0FF4100083A09 /* Resources */ = {
			isa = PBXResourcesBuildPhase;
			buildActionMask = 2147483647;
			files = (
				54BCD8E125F0FF4200083A09 /* LaunchScreen.storyboard in Resources */,
				54BCD8DE25F0FF4200083A09 /* Assets.xcassets in Resources */,
				54BCD8DC25F0FF4100083A09 /* Main.storyboard in Resources */,
			);
			runOnlyForDeploymentPostprocessing = 0;
		};
		54BCD8E525F0FF4200083A09 /* Resources */ = {
			isa = PBXResourcesBuildPhase;
			buildActionMask = 2147483647;
			files = (
			);
			runOnlyForDeploymentPostprocessing = 0;
		};
		54BCD8F025F0FF4200083A09 /* Resources */ = {
			isa = PBXResourcesBuildPhase;
			buildActionMask = 2147483647;
			files = (
			);
			runOnlyForDeploymentPostprocessing = 0;
		};
/* End PBXResourcesBuildPhase section */

/* Begin PBXSourcesBuildPhase section */
		54BCD8CD25F0FF4100083A09 /* Sources */ = {
			isa = PBXSourcesBuildPhase;
			buildActionMask = 2147483647;
			files = (
				54BCD8D925F0FF4100083A09 /* ViewController.swift in Sources */,
				54BCD8D525F0FF4100083A09 /* AppDelegate.swift in Sources */,
				54BCD8D725F0FF4100083A09 /* SceneDelegate.swift in Sources */,
			);
			runOnlyForDeploymentPostprocessing = 0;
		};
		54BCD8E325F0FF4200083A09 /* Sources */ = {
			isa = PBXSourcesBuildPhase;
			buildActionMask = 2147483647;
			files = (
				54BCD8EC25F0FF4200083A09 /* I_am_PoorTests.swift in Sources */,
			);
			runOnlyForDeploymentPostprocessing = 0;
		};
		54BCD8EE25F0FF4200083A09 /* Sources */ = {
			isa = PBXSourcesBuildPhase;
			buildActionMask = 2147483647;
			files = (
				54BCD8F725F0FF4200083A09 /* I_am_PoorUITests.swift in Sources */,
			);
			runOnlyForDeploymentPostprocessing = 0;
		};
/* End PBXSourcesBuildPhase section */

/* Begin PBXTargetDependency section */
		54BCD8E925F0FF4200083A09 /* PBXTargetDependency */ = {
			isa = PBXTargetDependency;
			target = 54BCD8D025F0FF4100083A09 /* I am Poor */;
			targetProxy = 54BCD8E825F0FF4200083A09 /* PBXContainerItemProxy */;
		};
		54BCD8F425F0FF4200083A09 /* PBXTargetDependency */ = {
			isa = PBXTargetDependency;
			target = 54BCD8D025F0FF4100083A09 /* I am Poor */;
			targetProxy = 54BCD8F325F0FF4200083A09 /* PBXContainerItemProxy */;
		};
/* End PBXTargetDependency section */

/* Begin PBXVariantGroup section */
		54BCD8DA25F0FF4100083A09 /* Main.storyboard */ = {
			isa = PBXVariantGroup;
			children = (
				54BCD8DB25F0FF4100083A09 /* Base */,
			);
			name = Main.storyboard;
			sourceTree = "<group>";
		};
		54BCD8DF25F0FF4200083A09 /* LaunchScreen.storyboard */ = {
			isa = PBXVariantGroup;
			children = (
				54BCD8E025F0FF4200083A09 /* Base */,
			);
			name = LaunchScreen.storyboard;
			sourceTree = "<group>";
		};
/* End PBXVariantGroup section */

/* Begin XCBuildConfiguration section */
		54BCD8F925F0FF4200083A09 /* Debug */ = {
			isa = XCBuildConfiguration;
			buildSettings = {
				ALWAYS_SEARCH_USER_PATHS = NO;
				CLANG_ANALYZER_NONNULL = YES;
				CLANG_ANALYZER_NUMBER_OBJECT_CONVERSION = YES_AGGRESSIVE;
				CLANG_CXX_LANGUAGE_STANDARD = "gnu++14";
				CLANG_CXX_LIBRARY = "libc++";
				CLANG_ENABLE_MODULES = YES;
				CLANG_ENABLE_OBJC_ARC = YES;
				CLANG_ENABLE_OBJC_WEAK = YES;
				CLANG_WARN_BLOCK_CAPTURE_AUTORELEASING = YES;
				CLANG_WARN_BOOL_CONVERSION = YES;
				CLANG_WARN_COMMA = YES;
				CLANG_WARN_CONSTANT_CONVERSION = YES;
				CLANG_WARN_DEPRECATED_OBJC_IMPLEMENTATIONS = YES;
				CLANG_WARN_DIRECT_OBJC_ISA_USAGE = YES_ERROR;
				CLANG_WARN_DOCUMENTATION_COMMENTS = YES;
				CLANG_WARN_EMPTY_BODY = YES;
				CLANG_WARN_ENUM_CONVERSION = YES;
				CLANG_WARN_INFINITE_RECURSION = YES;
				CLANG_WARN_INT_CONVERSION = YES;
				CLANG_WARN_NON_LITERAL_NULL_CONVERSION = YES;
				CLANG_WARN_OBJC_IMPLICIT_RETAIN_SELF = YES;
				CLANG_WARN_OBJC_LITERAL_CONVERSION = YES;
				CLANG_WARN_OBJC_ROOT_CLASS = YES_ERROR;
				CLANG_WARN_RANGE_LOOP_ANALYSIS = YES;
				CLANG_WARN_STRICT_PROTOTYPES = YES;
				CLANG_WARN_SUSPICIOUS_MOVE = YES;
				CLANG_WARN_UNGUARDED_AVAILABILITY = YES_AGGRESSIVE;
				CLANG_WARN_UNREACHABLE_CODE = YES;
				CLANG_WARN__DUPLICATE_METHOD_MATCH = YES;
				COPY_PHASE_STRIP = NO;
				DEBUG_INFORMATION_FORMAT = dwarf;
				ENABLE_STRICT_OBJC_MSGSEND = YES;
				ENABLE_TESTABILITY = YES;
				GCC_C_LANGUAGE_STANDARD = gnu11;
				GCC_DYNAMIC_NO_PIC = NO;
				GCC_NO_COMMON_BLOCKS = YES;
				GCC_OPTIMIZATION_LEVEL = 0;
				GCC_PREPROCESSOR_DEFINITIONS = (
					"DEBUG=1",
					"$(inherited)",
				);
				GCC_WARN_64_TO_32_BIT_CONVERSION = YES;
				GCC_WARN_ABOUT_RETURN_TYPE = YES_ERROR;
				GCC_WARN_UNDECLARED_SELECTOR = YES;
				GCC_WARN_UNINITIALIZED_AUTOS = YES_AGGRESSIVE;
				GCC_WARN_UNUSED_FUNCTION = YES;
				GCC_WARN_UNUSED_VARIABLE = YES;
				IPHONEOS_DEPLOYMENT_TARGET = 13.7;
				MTL_ENABLE_DEBUG_INFO = INCLUDE_SOURCE;
				MTL_FAST_MATH = YES;
				ONLY_ACTIVE_ARCH = YES;
				SDKROOT = iphoneos;
				SWIFT_ACTIVE_COMPILATION_CONDITIONS = DEBUG;
				SWIFT_OPTIMIZATION_LEVEL = "-Onone";
			};
			name = Debug;
		};
		54BCD8FA25F0FF4200083A09 /* Release */ = {
			isa = XCBuildConfiguration;
			buildSettings = {
				ALWAYS_SEARCH_USER_PATHS = NO;
				CLANG_ANALYZER_NONNULL = YES;
				CLANG_ANALYZER_NUMBER_OBJECT_CONVERSION = YES_AGGRESSIVE;
				CLANG_CXX_LANGUAGE_STANDARD = "gnu++14";
				CLANG_CXX_LIBRARY = "libc++";
				CLANG_ENABLE_MODULES = YES;
				CLANG_ENABLE_OBJC_ARC = YES;
				CLANG_ENABLE_OBJC_WEAK = YES;
				CLANG_WARN_BLOCK_CAPTURE_AUTORELEASING = YES;
				CLANG_WARN_BOOL_CONVERSION = YES;
				CLANG_WARN_COMMA = YES;
				CLANG_WARN_CONSTANT_CONVERSION = YES;
				CLANG_WARN_DEPRECATED_OBJC_IMPLEMENTATIONS = YES;
				CLANG_WARN_DIRECT_OBJC_ISA_USAGE = YES_ERROR;
				CLANG_WARN_DOCUMENTATION_COMMENTS = YES;
				CLANG_WARN_EMPTY_BODY = YES;
				CLANG_WARN_ENUM_CONVERSION = YES;
				CLANG_WARN_INFINITE_RECURSION = YES;
				CLANG_WARN_INT_CONVERSION = YES;
				CLANG_WARN_NON_LITERAL_NULL_CONVERSION = YES;
				CLANG_WARN_OBJC_IMPLICIT_RETAIN_SELF = YES;
				CLANG_WARN_OBJC_LITERAL_CONVERSION = YES;
				CLANG_WARN_OBJC_ROOT_CLASS = YES_ERROR;
				CLANG_WARN_RANGE_LOOP_ANALYSIS = YES;
				CLANG_WARN_STRICT_PROTOTYPES = YES;
				CLANG_WARN_SUSPICIOUS_MOVE = YES;
				CLANG_WARN_UNGUARDED_AVAILABILITY = YES_AGGRESSIVE;
				CLANG_WARN_UNREACHABLE_CODE = YES;
				CLANG_WARN__DUPLICATE_METHOD_MATCH = YES;
				COPY_PHASE_STRIP = NO;
				DEBUG_INFORMATION_FORMAT = "dwarf-with-dsym";
				ENABLE_NS_ASSERTIONS = NO;
				ENABLE_STRICT_OBJC_MSGSEND = YES;
				GCC_C_LANGUAGE_STANDARD = gnu11;
				GCC_NO_COMMON_BLOCKS = YES;
				GCC_WARN_64_TO_32_BIT_CONVERSION = YES;
				GCC_WARN_ABOUT_RETURN_TYPE = YES_ERROR;
				GCC_WARN_UNDECLARED_SELECTOR = YES;
				GCC_WARN_UNINITIALIZED_AUTOS = YES_AGGRESSIVE;
				GCC_WARN_UNUSED_FUNCTION = YES;
				GCC_WARN_UNUSED_VARIABLE = YES;
				IPHONEOS_DEPLOYMENT_TARGET = 13.7;
				MTL_ENABLE_DEBUG_INFO = NO;
				MTL_FAST_MATH = YES;
				SDKROOT = iphoneos;
				SWIFT_COMPILATION_MODE = wholemodule;
				SWIFT_OPTIMIZATION_LEVEL = "-O";
				VALIDATE_PRODUCT = YES;
			};
			name = Release;
		};
		54BCD8FC25F0FF4200083A09 /* Debug */ = {
			isa = XCBuildConfiguration;
			buildSettings = {
				ASSETCATALOG_COMPILER_APPICON_NAME = AppIcon;
				CODE_SIGN_STYLE = Automatic;
				INFOPLIST_FILE = "I am Poor/Info.plist";
				LD_RUNPATH_SEARCH_PATHS = (
					"$(inherited)",
					"@executable_path/Frameworks",
				);
				PRODUCT_BUNDLE_IDENTIFIER = "shinspiegel.I-am-Poor";
				PRODUCT_NAME = "$(TARGET_NAME)";
				SWIFT_VERSION = 5.0;
				TARGETED_DEVICE_FAMILY = "1,2";
			};
			name = Debug;
		};
		54BCD8FD25F0FF4200083A09 /* Release */ = {
			isa = XCBuildConfiguration;
			buildSettings = {
				ASSETCATALOG_COMPILER_APPICON_NAME = AppIcon;
				CODE_SIGN_STYLE = Automatic;
				INFOPLIST_FILE = "I am Poor/Info.plist";
				LD_RUNPATH_SEARCH_PATHS = (
					"$(inherited)",
					"@executable_path/Frameworks",
				);
				PRODUCT_BUNDLE_IDENTIFIER = "shinspiegel.I-am-Poor";
				PRODUCT_NAME = "$(TARGET_NAME)";
				SWIFT_VERSION = 5.0;
				TARGETED_DEVICE_FAMILY = "1,2";
			};
			name = Release;
		};
		54BCD8FF25F0FF4200083A09 /* Debug */ = {
			isa = XCBuildConfiguration;
			buildSettings = {
				ALWAYS_EMBED_SWIFT_STANDARD_LIBRARIES = YES;
				BUNDLE_LOADER = "$(TEST_HOST)";
				CODE_SIGN_STYLE = Automatic;
				INFOPLIST_FILE = "I am PoorTests/Info.plist";
				IPHONEOS_DEPLOYMENT_TARGET = 13.7;
				LD_RUNPATH_SEARCH_PATHS = (
					"$(inherited)",
					"@executable_path/Frameworks",
					"@loader_path/Frameworks",
				);
				PRODUCT_BUNDLE_IDENTIFIER = "shinspiegel.I-am-PoorTests";
				PRODUCT_NAME = "$(TARGET_NAME)";
				SWIFT_VERSION = 5.0;
				TARGETED_DEVICE_FAMILY = "1,2";
				TEST_HOST = "$(BUILT_PRODUCTS_DIR)/I am Poor.app/I am Poor";
			};
			name = Debug;
		};
		54BCD90025F0FF4200083A09 /* Release */ = {
			isa = XCBuildConfiguration;
			buildSettings = {
				ALWAYS_EMBED_SWIFT_STANDARD_LIBRARIES = YES;
				BUNDLE_LOADER = "$(TEST_HOST)";
				CODE_SIGN_STYLE = Automatic;
				INFOPLIST_FILE = "I am PoorTests/Info.plist";
				IPHONEOS_DEPLOYMENT_TARGET = 13.7;
				LD_RUNPATH_SEARCH_PATHS = (
					"$(inherited)",
					"@executable_path/Frameworks",
					"@loader_path/Frameworks",
				);
				PRODUCT_BUNDLE_IDENTIFIER = "shinspiegel.I-am-PoorTests";
				PRODUCT_NAME = "$(TARGET_NAME)";
				SWIFT_VERSION = 5.0;
				TARGETED_DEVICE_FAMILY = "1,2";
				TEST_HOST = "$(BUILT_PRODUCTS_DIR)/I am Poor.app/I am Poor";
			};
			name = Release;
		};
		54BCD90225F0FF4200083A09 /* Debug */ = {
			isa = XCBuildConfiguration;
			buildSettings = {
				ALWAYS_EMBED_SWIFT_STANDARD_LIBRARIES = YES;
				CODE_SIGN_STYLE = Automatic;
				INFOPLIST_FILE = "I am PoorUITests/Info.plist";
				LD_RUNPATH_SEARCH_PATHS = (
					"$(inherited)",
					"@executable_path/Frameworks",
					"@loader_path/Frameworks",
				);
				PRODUCT_BUNDLE_IDENTIFIER = "shinspiegel.I-am-PoorUITests";
				PRODUCT_NAME = "$(TARGET_NAME)";
				SWIFT_VERSION = 5.0;
				TARGETED_DEVICE_FAMILY = "1,2";
				TEST_TARGET_NAME = "I am Poor";
			};
			name = Debug;
		};
		54BCD90325F0FF4200083A09 /* Release */ = {
			isa = XCBuildConfiguration;
			buildSettings = {
				ALWAYS_EMBED_SWIFT_STANDARD_LIBRARIES = YES;
				CODE_SIGN_STYLE = Automatic;
				INFOPLIST_FILE = "I am PoorUITests/Info.plist";
				LD_RUNPATH_SEARCH_PATHS = (
					"$(inherited)",
					"@executable_path/Frameworks",
					"@loader_path/Frameworks",
				);
				PRODUCT_BUNDLE_IDENTIFIER = "shinspiegel.I-am-PoorUITests";
				PRODUCT_NAME = "$(TARGET_NAME)";
				SWIFT_VERSION = 5.0;
				TARGETED_DEVICE_FAMILY = "1,2";
				TEST_TARGET_NAME = "I am Poor";
			};
			name = Release;
		};
/* End XCBuildConfiguration section */

/* Begin XCConfigurationList section */
		54BCD8CC25F0FF4100083A09 /* Build configuration list for PBXProject "I am Poor" */ = {
			isa = XCConfigurationList;
			buildConfigurations = (
				54BCD8F925F0FF4200083A09 /* Debug */,
				54BCD8FA25F0FF4200083A09 /* Release */,
			);
			defaultConfigurationIsVisible = 0;
			defaultConfigurationName = Release;
		};
		54BCD8FB25F0FF4200083A09 /* Build configuration list for PBXNativeTarget "I am Poor" */ = {
			isa = XCConfigurationList;
			buildConfigurations = (
				54BCD8FC25F0FF4200083A09 /* Debug */,
				54BCD8FD25F0FF4200083A09 /* Release */,
			);
			defaultConfigurationIsVisible = 0;
			defaultConfigurationName = Release;
		};
		54BCD8FE25F0FF4200083A09 /* Build configuration list for PBXNativeTarget "I am PoorTests" */ = {
			isa = XCConfigurationList;
			buildConfigurations = (
				54BCD8FF25F0FF4200083A09 /* Debug */,
				54BCD90025F0FF4200083A09 /* Release */,
			);
			defaultConfigurationIsVisible = 0;
			defaultConfigurationName = Release;
		};
		54BCD90125F0FF4200083A09 /* Build configuration list for PBXNativeTarget "I am PoorUITests" */ = {
			isa = XCConfigurationList;
			buildConfigurations = (
				54BCD90225F0FF4200083A09 /* Debug */,
				54BCD90325F0FF4200083A09 /* Release */,
			);
			defaultConfigurationIsVisible = 0;
			defaultConfigurationName = Release;
		};
/* End XCConfigurationList section */
	};
	rootObject = 54BCD8C925F0FF4100083A09 /* Project object */;
}
