// !$*UTF8*$!
{
	archiveVersion = 1;
	classes = {
	};
	objectVersion = 50;
	objects = {

/* Begin PBXBuildFile section */
		5426A76E2607733800FAEDAD /* AppDelegate.swift in Sources */ = {isa = PBXBuildFile; fileRef = 5426A76D2607733800FAEDAD /* AppDelegate.swift */; };
		5426A7702607733800FAEDAD /* SceneDelegate.swift in Sources */ = {isa = PBXBuildFile; fileRef = 5426A76F2607733800FAEDAD /* SceneDelegate.swift */; };
		5426A7722607733800FAEDAD /* ContentView.swift in Sources */ = {isa = PBXBuildFile; fileRef = 5426A7712607733800FAEDAD /* ContentView.swift */; };
		5426A7742607733900FAEDAD /* Assets.xcassets in Resources */ = {isa = PBXBuildFile; fileRef = 5426A7732607733900FAEDAD /* Assets.xcassets */; };
		5426A7772607733900FAEDAD /* Preview Assets.xcassets in Resources */ = {isa = PBXBuildFile; fileRef = 5426A7762607733900FAEDAD /* Preview Assets.xcassets */; };
		5426A77A2607733900FAEDAD /* LaunchScreen.storyboard in Resources */ = {isa = PBXBuildFile; fileRef = 5426A7782607733900FAEDAD /* LaunchScreen.storyboard */; };
		5426A7842607760100FAEDAD /* DiceHolder.swift in Sources */ = {isa = PBXBuildFile; fileRef = 5426A7832607760100FAEDAD /* DiceHolder.swift */; };
		5426A7862607770300FAEDAD /* Logo.swift in Sources */ = {isa = PBXBuildFile; fileRef = 5426A7852607770300FAEDAD /* Logo.swift */; };
/* End PBXBuildFile section */

/* Begin PBXFileReference section */
		5426A76A2607733800FAEDAD /* Dicee.app */ = {isa = PBXFileReference; explicitFileType = wrapper.application; includeInIndex = 0; path = Dicee.app; sourceTree = BUILT_PRODUCTS_DIR; };
		5426A76D2607733800FAEDAD /* AppDelegate.swift */ = {isa = PBXFileReference; lastKnownFileType = sourcecode.swift; path = AppDelegate.swift; sourceTree = "<group>"; };
		5426A76F2607733800FAEDAD /* SceneDelegate.swift */ = {isa = PBXFileReference; lastKnownFileType = sourcecode.swift; path = SceneDelegate.swift; sourceTree = "<group>"; };
		5426A7712607733800FAEDAD /* ContentView.swift */ = {isa = PBXFileReference; lastKnownFileType = sourcecode.swift; path = ContentView.swift; sourceTree = "<group>"; };
		5426A7732607733900FAEDAD /* Assets.xcassets */ = {isa = PBXFileReference; lastKnownFileType = folder.assetcatalog; path = Assets.xcassets; sourceTree = "<group>"; };
		5426A7762607733900FAEDAD /* Preview Assets.xcassets */ = {isa = PBXFileReference; lastKnownFileType = folder.assetcatalog; path = "Preview Assets.xcassets"; sourceTree = "<group>"; };
		5426A7792607733900FAEDAD /* Base */ = {isa = PBXFileReference; lastKnownFileType = file.storyboard; name = Base; path = Base.lproj/LaunchScreen.storyboard; sourceTree = "<group>"; };
		5426A77B2607733900FAEDAD /* Info.plist */ = {isa = PBXFileReference; lastKnownFileType = text.plist.xml; path = Info.plist; sourceTree = "<group>"; };
		5426A7832607760100FAEDAD /* DiceHolder.swift */ = {isa = PBXFileReference; lastKnownFileType = sourcecode.swift; path = DiceHolder.swift; sourceTree = "<group>"; };
		5426A7852607770300FAEDAD /* Logo.swift */ = {isa = PBXFileReference; lastKnownFileType = sourcecode.swift; path = Logo.swift; sourceTree = "<group>"; };
/* End PBXFileReference section */

/* Begin PBXFrameworksBuildPhase section */
		5426A7672607733800FAEDAD /* Frameworks */ = {
			isa = PBXFrameworksBuildPhase;
			buildActionMask = 2147483647;
			files = (
			);
			runOnlyForDeploymentPostprocessing = 0;
		};
/* End PBXFrameworksBuildPhase section */

/* Begin PBXGroup section */
		5426A7612607733800FAEDAD = {
			isa = PBXGroup;
			children = (
				5426A76C2607733800FAEDAD /* Dicee */,
				5426A76B2607733800FAEDAD /* Products */,
			);
			sourceTree = "<group>";
		};
		5426A76B2607733800FAEDAD /* Products */ = {
			isa = PBXGroup;
			children = (
				5426A76A2607733800FAEDAD /* Dicee.app */,
			);
			name = Products;
			sourceTree = "<group>";
		};
		5426A76C2607733800FAEDAD /* Dicee */ = {
			isa = PBXGroup;
			children = (
				5426A781260775DE00FAEDAD /* Views */,
				5426A76D2607733800FAEDAD /* AppDelegate.swift */,
				5426A76F2607733800FAEDAD /* SceneDelegate.swift */,
				5426A7732607733900FAEDAD /* Assets.xcassets */,
				5426A7782607733900FAEDAD /* LaunchScreen.storyboard */,
				5426A77B2607733900FAEDAD /* Info.plist */,
				5426A7752607733900FAEDAD /* Preview Content */,
			);
			path = Dicee;
			sourceTree = "<group>";
		};
		5426A7752607733900FAEDAD /* Preview Content */ = {
			isa = PBXGroup;
			children = (
				5426A7762607733900FAEDAD /* Preview Assets.xcassets */,
			);
			path = "Preview Content";
			sourceTree = "<group>";
		};
		5426A781260775DE00FAEDAD /* Views */ = {
			isa = PBXGroup;
			children = (
				5426A782260775EC00FAEDAD /* Subviews */,
				5426A7712607733800FAEDAD /* ContentView.swift */,
			);
			path = Views;
			sourceTree = "<group>";
		};
		5426A782260775EC00FAEDAD /* Subviews */ = {
			isa = PBXGroup;
			children = (
				5426A7832607760100FAEDAD /* DiceHolder.swift */,
				5426A7852607770300FAEDAD /* Logo.swift */,
			);
			path = Subviews;
			sourceTree = "<group>";
		};
/* End PBXGroup section */

/* Begin PBXNativeTarget section */
		5426A7692607733800FAEDAD /* Dicee */ = {
			isa = PBXNativeTarget;
			buildConfigurationList = 5426A77E2607733900FAEDAD /* Build configuration list for PBXNativeTarget "Dicee" */;
			buildPhases = (
				5426A7662607733800FAEDAD /* Sources */,
				5426A7672607733800FAEDAD /* Frameworks */,
				5426A7682607733800FAEDAD /* Resources */,
			);
			buildRules = (
			);
			dependencies = (
			);
			name = Dicee;
			productName = Dicee;
			productReference = 5426A76A2607733800FAEDAD /* Dicee.app */;
			productType = "com.apple.product-type.application";
		};
/* End PBXNativeTarget section */

/* Begin PBXProject section */
		5426A7622607733800FAEDAD /* Project object */ = {
			isa = PBXProject;
			attributes = {
				LastSwiftUpdateCheck = 1170;
				LastUpgradeCheck = 1170;
				ORGANIZATIONNAME = "Shin Spiegel";
				TargetAttributes = {
					5426A7692607733800FAEDAD = {
						CreatedOnToolsVersion = 11.7;
					};
				};
			};
			buildConfigurationList = 5426A7652607733800FAEDAD /* Build configuration list for PBXProject "Dicee" */;
			compatibilityVersion = "Xcode 9.3";
			developmentRegion = en;
			hasScannedForEncodings = 0;
			knownRegions = (
				en,
				Base,
			);
			mainGroup = 5426A7612607733800FAEDAD;
			productRefGroup = 5426A76B2607733800FAEDAD /* Products */;
			projectDirPath = "";
			projectRoot = "";
			targets = (
				5426A7692607733800FAEDAD /* Dicee */,
			);
		};
/* End PBXProject section */

/* Begin PBXResourcesBuildPhase section */
		5426A7682607733800FAEDAD /* Resources */ = {
			isa = PBXResourcesBuildPhase;
			buildActionMask = 2147483647;
			files = (
				5426A77A2607733900FAEDAD /* LaunchScreen.storyboard in Resources */,
				5426A7772607733900FAEDAD /* Preview Assets.xcassets in Resources */,
				5426A7742607733900FAEDAD /* Assets.xcassets in Resources */,
			);
			runOnlyForDeploymentPostprocessing = 0;
		};
/* End PBXResourcesBuildPhase section */

/* Begin PBXSourcesBuildPhase section */
		5426A7662607733800FAEDAD /* Sources */ = {
			isa = PBXSourcesBuildPhase;
			buildActionMask = 2147483647;
			files = (
				5426A76E2607733800FAEDAD /* AppDelegate.swift in Sources */,
				5426A7862607770300FAEDAD /* Logo.swift in Sources */,
				5426A7702607733800FAEDAD /* SceneDelegate.swift in Sources */,
				5426A7842607760100FAEDAD /* DiceHolder.swift in Sources */,
				5426A7722607733800FAEDAD /* ContentView.swift in Sources */,
			);
			runOnlyForDeploymentPostprocessing = 0;
		};
/* End PBXSourcesBuildPhase section */

/* Begin PBXVariantGroup section */
		5426A7782607733900FAEDAD /* LaunchScreen.storyboard */ = {
			isa = PBXVariantGroup;
			children = (
				5426A7792607733900FAEDAD /* Base */,
			);
			name = LaunchScreen.storyboard;
			sourceTree = "<group>";
		};
/* End PBXVariantGroup section */

/* Begin XCBuildConfiguration section */
		5426A77C2607733900FAEDAD /* Debug */ = {
			isa = XCBuildConfiguration;
			buildSettings = {
				ALWAYS_SEARCH_USER_PATHS = NO;
				CLANG_ANALYZER_NONNULL = YES;
				CLANG_ANALYZER_NUMBER_OBJECT_CONVERSION = YES_AGGRESSIVE;
				CLANG_CXX_LANGUAGE_STANDARD = "gnu++14";
				CLANG_CXX_LIBRARY = "libc++";
				CLANG_ENABLE_MODULES = YES;
				CLANG_ENABLE_OBJC_ARC = YES;
				CLANG_ENABLE_OBJC_WEAK = YES;
				CLANG_WARN_BLOCK_CAPTURE_AUTORELEASING = YES;
				CLANG_WARN_BOOL_CONVERSION = YES;
				CLANG_WARN_COMMA = YES;
				CLANG_WARN_CONSTANT_CONVERSION = YES;
				CLANG_WARN_DEPRECATED_OBJC_IMPLEMENTATIONS = YES;
				CLANG_WARN_DIRECT_OBJC_ISA_USAGE = YES_ERROR;
				CLANG_WARN_DOCUMENTATION_COMMENTS = YES;
				CLANG_WARN_EMPTY_BODY = YES;
				CLANG_WARN_ENUM_CONVERSION = YES;
				CLANG_WARN_INFINITE_RECURSION = YES;
				CLANG_WARN_INT_CONVERSION = YES;
				CLANG_WARN_NON_LITERAL_NULL_CONVERSION = YES;
				CLANG_WARN_OBJC_IMPLICIT_RETAIN_SELF = YES;
				CLANG_WARN_OBJC_LITERAL_CONVERSION = YES;
				CLANG_WARN_OBJC_ROOT_CLASS = YES_ERROR;
				CLANG_WARN_RANGE_LOOP_ANALYSIS = YES;
				CLANG_WARN_STRICT_PROTOTYPES = YES;
				CLANG_WARN_SUSPICIOUS_MOVE = YES;
				CLANG_WARN_UNGUARDED_AVAILABILITY = YES_AGGRESSIVE;
				CLANG_WARN_UNREACHABLE_CODE = YES;
				CLANG_WARN__DUPLICATE_METHOD_MATCH = YES;
				COPY_PHASE_STRIP = NO;
				DEBUG_INFORMATION_FORMAT = dwarf;
				ENABLE_STRICT_OBJC_MSGSEND = YES;
				ENABLE_TESTABILITY = YES;
				GCC_C_LANGUAGE_STANDARD = gnu11;
				GCC_DYNAMIC_NO_PIC = NO;
				GCC_NO_COMMON_BLOCKS = YES;
				GCC_OPTIMIZATION_LEVEL = 0;
				GCC_PREPROCESSOR_DEFINITIONS = (
					"DEBUG=1",
					"$(inherited)",
				);
				GCC_WARN_64_TO_32_BIT_CONVERSION = YES;
				GCC_WARN_ABOUT_RETURN_TYPE = YES_ERROR;
				GCC_WARN_UNDECLARED_SELECTOR = YES;
				GCC_WARN_UNINITIALIZED_AUTOS = YES_AGGRESSIVE;
				GCC_WARN_UNUSED_FUNCTION = YES;
				GCC_WARN_UNUSED_VARIABLE = YES;
				IPHONEOS_DEPLOYMENT_TARGET = 13.7;
				MTL_ENABLE_DEBUG_INFO = INCLUDE_SOURCE;
				MTL_FAST_MATH = YES;
				ONLY_ACTIVE_ARCH = YES;
				SDKROOT = iphoneos;
				SWIFT_ACTIVE_COMPILATION_CONDITIONS = DEBUG;
				SWIFT_OPTIMIZATION_LEVEL = "-Onone";
			};
			name = Debug;
		};
		5426A77D2607733900FAEDAD /* Release */ = {
			isa = XCBuildConfiguration;
			buildSettings = {
				ALWAYS_SEARCH_USER_PATHS = NO;
				CLANG_ANALYZER_NONNULL = YES;
				CLANG_ANALYZER_NUMBER_OBJECT_CONVERSION = YES_AGGRESSIVE;
				CLANG_CXX_LANGUAGE_STANDARD = "gnu++14";
				CLANG_CXX_LIBRARY = "libc++";
				CLANG_ENABLE_MODULES = YES;
				CLANG_ENABLE_OBJC_ARC = YES;
				CLANG_ENABLE_OBJC_WEAK = YES;
				CLANG_WARN_BLOCK_CAPTURE_AUTORELEASING = YES;
				CLANG_WARN_BOOL_CONVERSION = YES;
				CLANG_WARN_COMMA = YES;
				CLANG_WARN_CONSTANT_CONVERSION = YES;
				CLANG_WARN_DEPRECATED_OBJC_IMPLEMENTATIONS = YES;
				CLANG_WARN_DIRECT_OBJC_ISA_USAGE = YES_ERROR;
				CLANG_WARN_DOCUMENTATION_COMMENTS = YES;
				CLANG_WARN_EMPTY_BODY = YES;
				CLANG_WARN_ENUM_CONVERSION = YES;
				CLANG_WARN_INFINITE_RECURSION = YES;
				CLANG_WARN_INT_CONVERSION = YES;
				CLANG_WARN_NON_LITERAL_NULL_CONVERSION = YES;
				CLANG_WARN_OBJC_IMPLICIT_RETAIN_SELF = YES;
				CLANG_WARN_OBJC_LITERAL_CONVERSION = YES;
				CLANG_WARN_OBJC_ROOT_CLASS = YES_ERROR;
				CLANG_WARN_RANGE_LOOP_ANALYSIS = YES;
				CLANG_WARN_STRICT_PROTOTYPES = YES;
				CLANG_WARN_SUSPICIOUS_MOVE = YES;
				CLANG_WARN_UNGUARDED_AVAILABILITY = YES_AGGRESSIVE;
				CLANG_WARN_UNREACHABLE_CODE = YES;
				CLANG_WARN__DUPLICATE_METHOD_MATCH = YES;
				COPY_PHASE_STRIP = NO;
				DEBUG_INFORMATION_FORMAT = "dwarf-with-dsym";
				ENABLE_NS_ASSERTIONS = NO;
				ENABLE_STRICT_OBJC_MSGSEND = YES;
				GCC_C_LANGUAGE_STANDARD = gnu11;
				GCC_NO_COMMON_BLOCKS = YES;
				GCC_WARN_64_TO_32_BIT_CONVERSION = YES;
				GCC_WARN_ABOUT_RETURN_TYPE = YES_ERROR;
				GCC_WARN_UNDECLARED_SELECTOR = YES;
				GCC_WARN_UNINITIALIZED_AUTOS = YES_AGGRESSIVE;
				GCC_WARN_UNUSED_FUNCTION = YES;
				GCC_WARN_UNUSED_VARIABLE = YES;
				IPHONEOS_DEPLOYMENT_TARGET = 13.7;
				MTL_ENABLE_DEBUG_INFO = NO;
				MTL_FAST_MATH = YES;
				SDKROOT = iphoneos;
				SWIFT_COMPILATION_MODE = wholemodule;
				SWIFT_OPTIMIZATION_LEVEL = "-O";
				VALIDATE_PRODUCT = YES;
			};
			name = Release;
		};
		5426A77F2607733900FAEDAD /* Debug */ = {
			isa = XCBuildConfiguration;
			buildSettings = {
				ASSETCATALOG_COMPILER_APPICON_NAME = AppIcon;
				CODE_SIGN_STYLE = Automatic;
				DEVELOPMENT_ASSET_PATHS = "\"Dicee/Preview Content\"";
				ENABLE_PREVIEWS = YES;
				INFOPLIST_FILE = Dicee/Info.plist;
				LD_RUNPATH_SEARCH_PATHS = (
					"$(inherited)",
					"@executable_path/Frameworks",
				);
				PRODUCT_BUNDLE_IDENTIFIER = shinspiegel.Dicee;
				PRODUCT_NAME = "$(TARGET_NAME)";
				SWIFT_VERSION = 5.0;
				TARGETED_DEVICE_FAMILY = "1,2";
			};
			name = Debug;
		};
		5426A7802607733900FAEDAD /* Release */ = {
			isa = XCBuildConfiguration;
			buildSettings = {
				ASSETCATALOG_COMPILER_APPICON_NAME = AppIcon;
				CODE_SIGN_STYLE = Automatic;
				DEVELOPMENT_ASSET_PATHS = "\"Dicee/Preview Content\"";
				ENABLE_PREVIEWS = YES;
				INFOPLIST_FILE = Dicee/Info.plist;
				LD_RUNPATH_SEARCH_PATHS = (
					"$(inherited)",
					"@executable_path/Frameworks",
				);
				PRODUCT_BUNDLE_IDENTIFIER = shinspiegel.Dicee;
				PRODUCT_NAME = "$(TARGET_NAME)";
				SWIFT_VERSION = 5.0;
				TARGETED_DEVICE_FAMILY = "1,2";
			};
			name = Release;
		};
/* End XCBuildConfiguration section */

/* Begin XCConfigurationList section */
		5426A7652607733800FAEDAD /* Build configuration list for PBXProject "Dicee" */ = {
			isa = XCConfigurationList;
			buildConfigurations = (
				5426A77C2607733900FAEDAD /* Debug */,
				5426A77D2607733900FAEDAD /* Release */,
			);
			defaultConfigurationIsVisible = 0;
			defaultConfigurationName = Release;
		};
		5426A77E2607733900FAEDAD /* Build configuration list for PBXNativeTarget "Dicee" */ = {
			isa = XCConfigurationList;
			buildConfigurations = (
				5426A77F2607733900FAEDAD /* Debug */,
				5426A7802607733900FAEDAD /* Release */,
			);
			defaultConfigurationIsVisible = 0;
			defaultConfigurationName = Release;
		};
/* End XCConfigurationList section */
	};
	rootObject = 5426A7622607733800FAEDAD /* Project object */;
}
